
Microsoft Visual Studio Solution File, Format Version 12.00
# Visual Studio Version 17
VisualStudioVersion = 17.2.32630.192
MinimumVisualStudioVersion = 10.0.40219.1
Project("{888888A0-9F3D-457C-B088-3A5042F75D52}") = "Detector", "Detector\Detector.pyproj", "{845F66D2-83F9-407C-95CB-64E1805ECDAF}"
EndProject
Global
	GlobalSection(SolutionConfigurationPlatforms) = preSolution
		Debug|Any CPU = Debug|Any CPU
		Release|Any CPU = Release|Any CPU
	EndGlobalSection
	GlobalSection(ProjectConfigurationPlatforms) = postSolution
		{845F66D2-83F9-407C-95CB-64E1805ECDAF}.Debug|Any CPU.ActiveCfg = Debug|Any CPU
		{845F66D2-83F9-407C-95CB-64E1805ECDAF}.Release|Any CPU.ActiveCfg = Release|Any CPU
	EndGlobalSection
	GlobalSection(SolutionProperties) = preSolution
		HideSolutionNode = FALSE
	EndGlobalSection
	GlobalSection(ExtensibilityGlobals) = postSolution
		SolutionGuid = {7C4DC32B-C45A-42A4-ACDB-6C919FC88367}
	EndGlobalSection
EndGlobal
